
Microsoft Visual Studio Solution File, Format Version 12.00
# Visual Studio Version 17
VisualStudioVersion = 17.1.32013.372
MinimumVisualStudioVersion = 10.0.40219.1
Project("{9A19103F-16F7-4668-BE54-9A1E7A4F7556}") = "Teapot.Web", "Teapot.Web\Teapot.Web.csproj", "{37FE30E4-1FDF-44FB-8E87-BF8D7008CBAA}"
EndProject
Project("{2150E333-8FDC-42A3-9474-1A3956D46DE8}") = ".github", ".github", "{BF0E06AB-DF7A-4796-A055-970B2FD9CA69}"
	ProjectSection(SolutionItems) = preProject
		..\README.md = ..\README.md
	EndProjectSection
EndProject
Project("{2150E333-8FDC-42A3-9474-1A3956D46DE8}") = "workflows", "workflows", "{91E7521E-41E8-4FB0-B2D1-C61DEDCD826A}"
	ProjectSection(SolutionItems) = preProject
		..\.github\workflows\build.yaml = ..\.github\workflows\build.yaml
		..\.github\workflows\deploy.yaml = ..\.github\workflows\deploy.yaml
		..\.github\workflows\main.yaml = ..\.github\workflows\main.yaml
		..\.github\workflows\staging.yaml = ..\.github\workflows\staging.yaml
		..\.github\workflows\tests.yaml = ..\.github\workflows\tests.yaml
	EndProjectSection
EndProject
Project("{9A19103F-16F7-4668-BE54-9A1E7A4F7556}") = "Teapot.Web.Tests", "Teapot.Web.Tests\Teapot.Web.Tests.csproj", "{29431707-5204-4A32-8DBC-5FF0FA52FA32}"
EndProject
Project("{2150E333-8FDC-42A3-9474-1A3956D46DE8}") = "Solution Items", "Solution Items", "{24D35CAF-9681-45AF-A07A-1834B03782D4}"
	ProjectSection(SolutionItems) = preProject
		staging.runsettings = staging.runsettings
	EndProjectSection
EndProject
Global
	GlobalSection(SolutionConfigurationPlatforms) = preSolution
		Debug|Any CPU = Debug|Any CPU
		Release|Any CPU = Release|Any CPU
	EndGlobalSection
	GlobalSection(ProjectConfigurationPlatforms) = postSolution
		{37FE30E4-1FDF-44FB-8E87-BF8D7008CBAA}.Debug|Any CPU.ActiveCfg = Debug|Any CPU
		{37FE30E4-1FDF-44FB-8E87-BF8D7008CBAA}.Debug|Any CPU.Build.0 = Debug|Any CPU
		{37FE30E4-1FDF-44FB-8E87-BF8D7008CBAA}.Release|Any CPU.ActiveCfg = Release|Any CPU
		{37FE30E4-1FDF-44FB-8E87-BF8D7008CBAA}.Release|Any CPU.Build.0 = Release|Any CPU
		{29431707-5204-4A32-8DBC-5FF0FA52FA32}.Debug|Any CPU.ActiveCfg = Debug|Any CPU
		{29431707-5204-4A32-8DBC-5FF0FA52FA32}.Debug|Any CPU.Build.0 = Debug|Any CPU
		{29431707-5204-4A32-8DBC-5FF0FA52FA32}.Release|Any CPU.ActiveCfg = Release|Any CPU
		{29431707-5204-4A32-8DBC-5FF0FA52FA32}.Release|Any CPU.Build.0 = Release|Any CPU
	EndGlobalSection
	GlobalSection(SolutionProperties) = preSolution
		HideSolutionNode = FALSE
	EndGlobalSection
	GlobalSection(NestedProjects) = preSolution
		{91E7521E-41E8-4FB0-B2D1-C61DEDCD826A} = {BF0E06AB-DF7A-4796-A055-970B2FD9CA69}
	EndGlobalSection
	GlobalSection(ExtensibilityGlobals) = postSolution
		SolutionGuid = {747C0F1A-E365-4E04-BF1B-37985E3F9FCD}
	EndGlobalSection
EndGlobal
