
Microsoft Visual Studio Solution File, Format Version 12.00
# Visual Studio Version 16
VisualStudioVersion = 16.0.30406.217
MinimumVisualStudioVersion = 10.0.40219.1
Project("{FAE04EC0-301F-11D3-BF4B-00C04F79EFBC}") = "Teapot.Web", "Teapot.Web\Teapot.Web.csproj", "{37FE30E4-1FDF-44FB-8E87-BF8D7008CBAA}"
EndProject
Global
	GlobalSection(SolutionConfigurationPlatforms) = preSolution
		Debug|Any CPU = Debug|Any CPU
		Release|Any CPU = Release|Any CPU
	EndGlobalSection
	GlobalSection(ProjectConfigurationPlatforms) = postSolution
		{37FE30E4-1FDF-44FB-8E87-BF8D7008CBAA}.Debug|Any CPU.ActiveCfg = Debug|Any CPU
		{37FE30E4-1FDF-44FB-8E87-BF8D7008CBAA}.Debug|Any CPU.Build.0 = Debug|Any CPU
		{37FE30E4-1FDF-44FB-8E87-BF8D7008CBAA}.Release|Any CPU.ActiveCfg = Release|Any CPU
		{37FE30E4-1FDF-44FB-8E87-BF8D7008CBAA}.Release|Any CPU.Build.0 = Release|Any CPU
	EndGlobalSection
	GlobalSection(SolutionProperties) = preSolution
		HideSolutionNode = FALSE
	EndGlobalSection
	GlobalSection(ExtensibilityGlobals) = postSolution
		SolutionGuid = {747C0F1A-E365-4E04-BF1B-37985E3F9FCD}
	EndGlobalSection
EndGlobal
